
Microsoft Visual Studio Solution File, Format Version 12.00
# Visual Studio Version 17
VisualStudioVersion = 17.6.33723.286
MinimumVisualStudioVersion = 10.0.40219.1
Project("{8BC9CEB8-8B4A-11D0-8D11-00A0C91BC942}") = "gui final", "gui final\gui final.vcxproj", "{DE876EB6-21BC-4B25-BBE5-116A8CC8E554}"
EndProject
Global
	GlobalSection(SolutionConfigurationPlatforms) = preSolution
		Debug|x64 = Debug|x64
		Debug|x86 = Debug|x86
		Release|x64 = Release|x64
		Release|x86 = Release|x86
	EndGlobalSection
	GlobalSection(ProjectConfigurationPlatforms) = postSolution
		{DE876EB6-21BC-4B25-BBE5-116A8CC8E554}.Debug|x64.ActiveCfg = Debug|x64
		{DE876EB6-21BC-4B25-BBE5-116A8CC8E554}.Debug|x64.Build.0 = Debug|x64
		{DE876EB6-21BC-4B25-BBE5-116A8CC8E554}.Debug|x86.ActiveCfg = Debug|Win32
		{DE876EB6-21BC-4B25-BBE5-116A8CC8E554}.Debug|x86.Build.0 = Debug|Win32
		{DE876EB6-21BC-4B25-BBE5-116A8CC8E554}.Release|x64.ActiveCfg = Release|x64
		{DE876EB6-21BC-4B25-BBE5-116A8CC8E554}.Release|x64.Build.0 = Release|x64
		{DE876EB6-21BC-4B25-BBE5-116A8CC8E554}.Release|x86.ActiveCfg = Release|Win32
		{DE876EB6-21BC-4B25-BBE5-116A8CC8E554}.Release|x86.Build.0 = Release|Win32
	EndGlobalSection
	GlobalSection(SolutionProperties) = preSolution
		HideSolutionNode = FALSE
	EndGlobalSection
	GlobalSection(ExtensibilityGlobals) = postSolution
		SolutionGuid = {E45A929A-BC1E-4FDA-B553-A44DE2953CF4}
	EndGlobalSection
EndGlobal
